
Microsoft Visual Studio Solution File, Format Version 12.00
# Visual Studio 15
VisualStudioVersion = 15.0.28307.329
MinimumVisualStudioVersion = 10.0.40219.1
Project("{9A19103F-16F7-4668-BE54-9A1E7A4F7556}") = "LambdaForums", "LambdaForums\LambdaForums.csproj", "{2E62C93C-E3F8-4D9A-BC13-976585B9C051}"
EndProject
Project("{9A19103F-16F7-4668-BE54-9A1E7A4F7556}") = "LambdaForums.Data", "LambdaForums.Data\LambdaForums.Data.csproj", "{8A7320D1-0BB9-4333-95E7-A9E48EC67D8E}"
EndProject
Project("{9A19103F-16F7-4668-BE54-9A1E7A4F7556}") = "LambdaForums.Service", "LambdaForums.Service\LambdaForums.Service.csproj", "{D3C8703F-4F27-474C-94D8-7762E22B3329}"
EndProject
Global
	GlobalSection(SolutionConfigurationPlatforms) = preSolution
		Debug|Any CPU = Debug|Any CPU
		Release|Any CPU = Release|Any CPU
	EndGlobalSection
	GlobalSection(ProjectConfigurationPlatforms) = postSolution
		{2E62C93C-E3F8-4D9A-BC13-976585B9C051}.Debug|Any CPU.ActiveCfg = Debug|Any CPU
		{2E62C93C-E3F8-4D9A-BC13-976585B9C051}.Debug|Any CPU.Build.0 = Debug|Any CPU
		{2E62C93C-E3F8-4D9A-BC13-976585B9C051}.Release|Any CPU.ActiveCfg = Release|Any CPU
		{2E62C93C-E3F8-4D9A-BC13-976585B9C051}.Release|Any CPU.Build.0 = Release|Any CPU
		{8A7320D1-0BB9-4333-95E7-A9E48EC67D8E}.Debug|Any CPU.ActiveCfg = Debug|Any CPU
		{8A7320D1-0BB9-4333-95E7-A9E48EC67D8E}.Debug|Any CPU.Build.0 = Debug|Any CPU
		{8A7320D1-0BB9-4333-95E7-A9E48EC67D8E}.Release|Any CPU.ActiveCfg = Release|Any CPU
		{8A7320D1-0BB9-4333-95E7-A9E48EC67D8E}.Release|Any CPU.Build.0 = Release|Any CPU
		{D3C8703F-4F27-474C-94D8-7762E22B3329}.Debug|Any CPU.ActiveCfg = Debug|Any CPU
		{D3C8703F-4F27-474C-94D8-7762E22B3329}.Debug|Any CPU.Build.0 = Debug|Any CPU
		{D3C8703F-4F27-474C-94D8-7762E22B3329}.Release|Any CPU.ActiveCfg = Release|Any CPU
		{D3C8703F-4F27-474C-94D8-7762E22B3329}.Release|Any CPU.Build.0 = Release|Any CPU
	EndGlobalSection
	GlobalSection(SolutionProperties) = preSolution
		HideSolutionNode = FALSE
	EndGlobalSection
	GlobalSection(ExtensibilityGlobals) = postSolution
		SolutionGuid = {59B7184E-2ABE-4EE5-84DE-1B3E92F159F8}
	EndGlobalSection
EndGlobal
